# Generated by Dagger. Pins the images and git refs this workspace uses.
# Any Dagger command may update this file; always commit it with your changes.
# Run `dagger workspace update` to refresh the pinned versions.
[["version","2"]]
["","git-latest",["github.com/dagger/sdk-helpers"],"refs/tags/v1.0.4",[["version","v1"]]]
["","git-latest",["https://github.com/dagger/dang-sdk"],"refs/heads/main"]
["","git-sha",["github.com/dagger/sdk-helpers","refs/tags/v1.0.4"],"6c883f657933ecb06ae86d56d9cd1f8785346bb1"]
["","git-sha",["https://github.com/containernetworking/plugins","refs/tags/v1.9.0"],"9b3772e1a7abf93cbb7c6526a28bc0d27b830e02"]
["","git-sha",["https://github.com/dagger/dagger","refs/heads/sdk-ux-module-max"],"7e6fc93c86f0bf0eebae8c2c74a249c3b5cc451f"]
["","git-sha",["https://github.com/dagger/dagger","sdk-ux-module-max"],"7e6fc93c86f0bf0eebae8c2c74a249c3b5cc451f"]
["","git-sha",["https://github.com/dagger/dang-sdk","refs/heads/main"],"207f22ca58a4167ea1d44ea929728d20aa3cc81b"]
["","git-sha",["https://github.com/dagger/sdk-helpers","main"],"64645f1967d3dba6fce951dd61ae4acd8d9b0861"]
["","git-sha",["https://github.com/libfuse/sshfs.git","refs/tags/sshfs-3.7.6"],"7a2d988775446ebe7af9b01c99b3b8e86bddb05a"]
["","git-sha",["https://github.com/opencontainers/runc","refs/tags/v1.4.2"],"c241c0bb5e60a8e8c1b2e53d4eca8d0068d8d57e"]
["","oci-latest",["docker.io/library/busybox"],"1.38.0"]
["","oci-sha",["docker.io/library/alpine:3.22"],"sha256:14358309a308569c32bdc37e2e0e9694be33a9d99e68afb0f5ff33cc1f695dce"]
["","oci-sha",["docker.io/library/busybox:1.38.0"],"sha256:dc2d74b28e4cf8984fa52af1f39bc7c3d9c73760b41a74d629f5d11b1ab28616"]
["","oci-sha",["docker.io/library/golang:1.25-alpine"],"sha256:1ae0735f00daffa3aaf1363a5184c0d2dc55c78e3db4ec70241cdac97bf84b59"]
["","oci-sha",["docker.io/library/golang:1.26-alpine"],"sha256:28d89ee9cc0ff9fec75c82ca201e6bf7fdf9a679d4b7b24dfa04f2bb766bb468"]
["","oci-sha",["docker.io/tonistiigi/xx:1.2.1"],"sha256:8879a398dedf0aadaacfbd332b29ff2f84bc39ae6d4e9c0a1109db27ac5ba012"]
["","vanity-url",["https://dagger.io/sdk/helpers"],"https://github.com/dagger/sdk-helpers"]
